// !$*UTF8*$!
{
	archiveVersion = 1;
	classes = {
	};
	objectVersion = 48;
	objects = {

/* Begin PBXBuildFile section */
		A004132E82BF838BE79BF9B4 /* Pods_Todoey.framework in Frameworks */ = {isa = PBXBuildFile; fileRef = 99B56B8CD0551839CC15A265 /* Pods_Todoey.framework */; };
		E9C6D69C208B0E2700A030AF /* AppDelegate.swift in Sources */ = {isa = PBXBuildFile; fileRef = E9C6D69B208B0E2700A030AF /* AppDelegate.swift */; };
		E9C6D69E208B0E2700A030AF /* TodoListViewController.swift in Sources */ = {isa = PBXBuildFile; fileRef = E9C6D69D208B0E2700A030AF /* TodoListViewController.swift */; };
		E9C6D6A1208B0E2700A030AF /* Main.storyboard in Resources */ = {isa = PBXBuildFile; fileRef = E9C6D69F208B0E2700A030AF /* Main.storyboard */; };
		E9C6D6A3208B0E2700A030AF /* Assets.xcassets in Resources */ = {isa = PBXBuildFile; fileRef = E9C6D6A2208B0E2700A030AF /* Assets.xcassets */; };
		E9C6D6A6208B0E2700A030AF /* LaunchScreen.storyboard in Resources */ = {isa = PBXBuildFile; fileRef = E9C6D6A4208B0E2700A030AF /* LaunchScreen.storyboard */; };
		E9E9F7BF21075DFE006D5BD6 /* CategoryViewController.swift in Sources */ = {isa = PBXBuildFile; fileRef = E9E9F7BE21075DFE006D5BD6 /* CategoryViewController.swift */; };
		E9FA9D072117D20F007EAF54 /* Item.swift in Sources */ = {isa = PBXBuildFile; fileRef = E9FA9D062117D20F007EAF54 /* Item.swift */; };
		E9FA9D092117D2A1007EAF54 /* Category.swift in Sources */ = {isa = PBXBuildFile; fileRef = E9FA9D082117D2A1007EAF54 /* Category.swift */; };
/* End PBXBuildFile section */

/* Begin PBXFileReference section */
		99B56B8CD0551839CC15A265 /* Pods_Todoey.framework */ = {isa = PBXFileReference; explicitFileType = wrapper.framework; includeInIndex = 0; path = Pods_Todoey.framework; sourceTree = BUILT_PRODUCTS_DIR; };
		E41719FC9D983364B74D8611 /* Pods-Todoey.release.xcconfig */ = {isa = PBXFileReference; includeInIndex = 1; lastKnownFileType = text.xcconfig; name = "Pods-Todoey.release.xcconfig"; path = "Pods/Target Support Files/Pods-Todoey/Pods-Todoey.release.xcconfig"; sourceTree = "<group>"; };
		E9C6D698208B0E2700A030AF /* Todoey.app */ = {isa = PBXFileReference; explicitFileType = wrapper.application; includeInIndex = 0; path = Todoey.app; sourceTree = BUILT_PRODUCTS_DIR; };
		E9C6D69B208B0E2700A030AF /* AppDelegate.swift */ = {isa = PBXFileReference; lastKnownFileType = sourcecode.swift; path = AppDelegate.swift; sourceTree = "<group>"; };
		E9C6D69D208B0E2700A030AF /* TodoListViewController.swift */ = {isa = PBXFileReference; lastKnownFileType = sourcecode.swift; path = TodoListViewController.swift; sourceTree = "<group>"; };
		E9C6D6A0208B0E2700A030AF /* Base */ = {isa = PBXFileReference; lastKnownFileType = file.storyboard; name = Base; path = Base.lproj/Main.storyboard; sourceTree = "<group>"; };
		E9C6D6A2208B0E2700A030AF /* Assets.xcassets */ = {isa = PBXFileReference; lastKnownFileType = folder.assetcatalog; path = Assets.xcassets; sourceTree = "<group>"; };
		E9C6D6A5208B0E2700A030AF /* Base */ = {isa = PBXFileReference; lastKnownFileType = file.storyboard; name = Base; path = Base.lproj/LaunchScreen.storyboard; sourceTree = "<group>"; };
		E9C6D6A7208B0E2700A030AF /* Info.plist */ = {isa = PBXFileReference; lastKnownFileType = text.plist.xml; path = Info.plist; sourceTree = "<group>"; };
		E9E9F7BE21075DFE006D5BD6 /* CategoryViewController.swift */ = {isa = PBXFileReference; lastKnownFileType = sourcecode.swift; path = CategoryViewController.swift; sourceTree = "<group>"; };
		E9FA9D062117D20F007EAF54 /* Item.swift */ = {isa = PBXFileReference; lastKnownFileType = sourcecode.swift; path = Item.swift; sourceTree = "<group>"; };
		E9FA9D082117D2A1007EAF54 /* Category.swift */ = {isa = PBXFileReference; lastKnownFileType = sourcecode.swift; path = Category.swift; sourceTree = "<group>"; };
		F0777090B140E91681943D75 /* Pods-Todoey.debug.xcconfig */ = {isa = PBXFileReference; includeInIndex = 1; lastKnownFileType = text.xcconfig; name = "Pods-Todoey.debug.xcconfig"; path = "Pods/Target Support Files/Pods-Todoey/Pods-Todoey.debug.xcconfig"; sourceTree = "<group>"; };
/* End PBXFileReference section */

/* Begin PBXFrameworksBuildPhase section */
		E9C6D695208B0E2700A030AF /* Frameworks */ = {
			isa = PBXFrameworksBuildPhase;
			buildActionMask = 2147483647;
			files = (
				A004132E82BF838BE79BF9B4 /* Pods_Todoey.framework in Frameworks */,
			);
			runOnlyForDeploymentPostprocessing = 0;
		};
/* End PBXFrameworksBuildPhase section */

/* Begin PBXGroup section */
		9C3422D7048FC772A0A56633 /* Frameworks */ = {
			isa = PBXGroup;
			children = (
				99B56B8CD0551839CC15A265 /* Pods_Todoey.framework */,
			);
			name = Frameworks;
			sourceTree = "<group>";
		};
		E913246F21048F9C004B0D85 /* Data Model */ = {
			isa = PBXGroup;
			children = (
				E9FA9D082117D2A1007EAF54 /* Category.swift */,
				E9FA9D062117D20F007EAF54 /* Item.swift */,
			);
			path = "Data Model";
			sourceTree = "<group>";
		};
		E913247021048FE1004B0D85 /* Controllers */ = {
			isa = PBXGroup;
			children = (
				E9E9F7BE21075DFE006D5BD6 /* CategoryViewController.swift */,
				E9C6D69D208B0E2700A030AF /* TodoListViewController.swift */,
			);
			path = Controllers;
			sourceTree = "<group>";
		};
		E913247121049026004B0D85 /* Views */ = {
			isa = PBXGroup;
			children = (
				E9C6D69F208B0E2700A030AF /* Main.storyboard */,
			);
			path = Views;
			sourceTree = "<group>";
		};
		E913247221049032004B0D85 /* Supporting Files */ = {
			isa = PBXGroup;
			children = (
				E9C6D6A2208B0E2700A030AF /* Assets.xcassets */,
				E9C6D6A4208B0E2700A030AF /* LaunchScreen.storyboard */,
			);
			path = "Supporting Files";
			sourceTree = "<group>";
		};
		E9C6D68F208B0E2700A030AF = {
			isa = PBXGroup;
			children = (
				E9C6D69A208B0E2700A030AF /* Todoey */,
				E9C6D699208B0E2700A030AF /* Products */,
				F4DFCD0A3FCF72D7BD6B1054 /* Pods */,
				9C3422D7048FC772A0A56633 /* Frameworks */,
			);
			sourceTree = "<group>";
		};
		E9C6D699208B0E2700A030AF /* Products */ = {
			isa = PBXGroup;
			children = (
				E9C6D698208B0E2700A030AF /* Todoey.app */,
			);
			name = Products;
			sourceTree = "<group>";
		};
		E9C6D69A208B0E2700A030AF /* Todoey */ = {
			isa = PBXGroup;
			children = (
				E9C6D69B208B0E2700A030AF /* AppDelegate.swift */,
				E913247021048FE1004B0D85 /* Controllers */,
				E913246F21048F9C004B0D85 /* Data Model */,
				E913247121049026004B0D85 /* Views */,
				E913247221049032004B0D85 /* Supporting Files */,
				E9C6D6A7208B0E2700A030AF /* Info.plist */,
			);
			path = Todoey;
			sourceTree = "<group>";
		};
		F4DFCD0A3FCF72D7BD6B1054 /* Pods */ = {
			isa = PBXGroup;
			children = (
				F0777090B140E91681943D75 /* Pods-Todoey.debug.xcconfig */,
				E41719FC9D983364B74D8611 /* Pods-Todoey.release.xcconfig */,
			);
			name = Pods;
			sourceTree = "<group>";
		};
/* End PBXGroup section */

/* Begin PBXNativeTarget section */
		E9C6D697208B0E2700A030AF /* Todoey */ = {
			isa = PBXNativeTarget;
			buildConfigurationList = E9C6D6AA208B0E2700A030AF /* Build configuration list for PBXNativeTarget "Todoey" */;
			buildPhases = (
				2F567AB02D264444A483733B /* [CP] Check Pods Manifest.lock */,
				E9C6D694208B0E2700A030AF /* Sources */,
				E9C6D695208B0E2700A030AF /* Frameworks */,
				E9C6D696208B0E2700A030AF /* Resources */,
				473C7E907C3B5D73F2AA5FD5 /* [CP] Embed Pods Frameworks */,
				0AB95810619C9214B23DB837 /* [CP] Copy Pods Resources */,
			);
			buildRules = (
			);
			dependencies = (
			);
			name = Todoey;
			productName = Todoey;
			productReference = E9C6D698208B0E2700A030AF /* Todoey.app */;
			productType = "com.apple.product-type.application";
		};
/* End PBXNativeTarget section */

/* Begin PBXProject section */
		E9C6D690208B0E2700A030AF /* Project object */ = {
			isa = PBXProject;
			attributes = {
				LastSwiftUpdateCheck = 0920;
				LastUpgradeCheck = 0920;
				ORGANIZATIONNAME = "Mac for gu";
				TargetAttributes = {
					E9C6D697208B0E2700A030AF = {
						CreatedOnToolsVersion = 9.2;
						ProvisioningStyle = Automatic;
					};
				};
			};
			buildConfigurationList = E9C6D693208B0E2700A030AF /* Build configuration list for PBXProject "Todoey" */;
			compatibilityVersion = "Xcode 8.0";
			developmentRegion = en;
			hasScannedForEncodings = 0;
			knownRegions = (
				en,
				Base,
			);
			mainGroup = E9C6D68F208B0E2700A030AF;
			productRefGroup = E9C6D699208B0E2700A030AF /* Products */;
			projectDirPath = "";
			projectRoot = "";
			targets = (
				E9C6D697208B0E2700A030AF /* Todoey */,
			);
		};
/* End PBXProject section */

/* Begin PBXResourcesBuildPhase section */
		E9C6D696208B0E2700A030AF /* Resources */ = {
			isa = PBXResourcesBuildPhase;
			buildActionMask = 2147483647;
			files = (
				E9C6D6A6208B0E2700A030AF /* LaunchScreen.storyboard in Resources */,
				E9C6D6A3208B0E2700A030AF /* Assets.xcassets in Resources */,
				E9C6D6A1208B0E2700A030AF /* Main.storyboard in Resources */,
			);
			runOnlyForDeploymentPostprocessing = 0;
		};
/* End PBXResourcesBuildPhase section */

/* Begin PBXShellScriptBuildPhase section */
		0AB95810619C9214B23DB837 /* [CP] Copy Pods Resources */ = {
			isa = PBXShellScriptBuildPhase;
			buildActionMask = 2147483647;
			files = (
			);
			inputPaths = (
			);
			name = "[CP] Copy Pods Resources";
			outputPaths = (
			);
			runOnlyForDeploymentPostprocessing = 0;
			shellPath = /bin/sh;
			shellScript = "\"${SRCROOT}/Pods/Target Support Files/Pods-Todoey/Pods-Todoey-resources.sh\"\n";
			showEnvVarsInLog = 0;
		};
		2F567AB02D264444A483733B /* [CP] Check Pods Manifest.lock */ = {
			isa = PBXShellScriptBuildPhase;
			buildActionMask = 2147483647;
			files = (
			);
			inputPaths = (
				"${PODS_PODFILE_DIR_PATH}/Podfile.lock",
				"${PODS_ROOT}/Manifest.lock",
			);
			name = "[CP] Check Pods Manifest.lock";
			outputPaths = (
				"$(DERIVED_FILE_DIR)/Pods-Todoey-checkManifestLockResult.txt",
			);
			runOnlyForDeploymentPostprocessing = 0;
			shellPath = /bin/sh;
			shellScript = "diff \"${PODS_PODFILE_DIR_PATH}/Podfile.lock\" \"${PODS_ROOT}/Manifest.lock\" > /dev/null\nif [ $? != 0 ] ; then\n    # print error to STDERR\n    echo \"error: The sandbox is not in sync with the Podfile.lock. Run 'pod install' or update your CocoaPods installation.\" >&2\n    exit 1\nfi\n# This output is used by Xcode 'outputs' to avoid re-running this script phase.\necho \"SUCCESS\" > \"${SCRIPT_OUTPUT_FILE_0}\"\n";
			showEnvVarsInLog = 0;
		};
		473C7E907C3B5D73F2AA5FD5 /* [CP] Embed Pods Frameworks */ = {
			isa = PBXShellScriptBuildPhase;
			buildActionMask = 2147483647;
			files = (
			);
			inputPaths = (
				"${SRCROOT}/Pods/Target Support Files/Pods-Todoey/Pods-Todoey-frameworks.sh",
				"${BUILT_PRODUCTS_DIR}/Realm/Realm.framework",
				"${BUILT_PRODUCTS_DIR}/RealmSwift/RealmSwift.framework",
			);
			name = "[CP] Embed Pods Frameworks";
			outputPaths = (
				"${TARGET_BUILD_DIR}/${FRAMEWORKS_FOLDER_PATH}/Realm.framework",
				"${TARGET_BUILD_DIR}/${FRAMEWORKS_FOLDER_PATH}/RealmSwift.framework",
			);
			runOnlyForDeploymentPostprocessing = 0;
			shellPath = /bin/sh;
			shellScript = "\"${SRCROOT}/Pods/Target Support Files/Pods-Todoey/Pods-Todoey-frameworks.sh\"\n";
			showEnvVarsInLog = 0;
		};
/* End PBXShellScriptBuildPhase section */

/* Begin PBXSourcesBuildPhase section */
		E9C6D694208B0E2700A030AF /* Sources */ = {
			isa = PBXSourcesBuildPhase;
			buildActionMask = 2147483647;
			files = (
				E9FA9D072117D20F007EAF54 /* Item.swift in Sources */,
				E9E9F7BF21075DFE006D5BD6 /* CategoryViewController.swift in Sources */,
				E9C6D69E208B0E2700A030AF /* TodoListViewController.swift in Sources */,
				E9C6D69C208B0E2700A030AF /* AppDelegate.swift in Sources */,
				E9FA9D092117D2A1007EAF54 /* Category.swift in Sources */,
			);
			runOnlyForDeploymentPostprocessing = 0;
		};
/* End PBXSourcesBuildPhase section */

/* Begin PBXVariantGroup section */
		E9C6D69F208B0E2700A030AF /* Main.storyboard */ = {
			isa = PBXVariantGroup;
			children = (
				E9C6D6A0208B0E2700A030AF /* Base */,
			);
			name = Main.storyboard;
			sourceTree = "<group>";
		};
		E9C6D6A4208B0E2700A030AF /* LaunchScreen.storyboard */ = {
			isa = PBXVariantGroup;
			children = (
				E9C6D6A5208B0E2700A030AF /* Base */,
			);
			name = LaunchScreen.storyboard;
			sourceTree = "<group>";
		};
/* End PBXVariantGroup section */

/* Begin XCBuildConfiguration section */
		E9C6D6A8208B0E2700A030AF /* Debug */ = {
			isa = XCBuildConfiguration;
			buildSettings = {
				ALWAYS_SEARCH_USER_PATHS = NO;
				CLANG_ANALYZER_NONNULL = YES;
				CLANG_ANALYZER_NUMBER_OBJECT_CONVERSION = YES_AGGRESSIVE;
				CLANG_CXX_LANGUAGE_STANDARD = "gnu++14";
				CLANG_CXX_LIBRARY = "libc++";
				CLANG_ENABLE_MODULES = YES;
				CLANG_ENABLE_OBJC_ARC = YES;
				CLANG_WARN_BLOCK_CAPTURE_AUTORELEASING = YES;
				CLANG_WARN_BOOL_CONVERSION = YES;
				CLANG_WARN_COMMA = YES;
				CLANG_WARN_CONSTANT_CONVERSION = YES;
				CLANG_WARN_DIRECT_OBJC_ISA_USAGE = YES_ERROR;
				CLANG_WARN_DOCUMENTATION_COMMENTS = YES;
				CLANG_WARN_EMPTY_BODY = YES;
				CLANG_WARN_ENUM_CONVERSION = YES;
				CLANG_WARN_INFINITE_RECURSION = YES;
				CLANG_WARN_INT_CONVERSION = YES;
				CLANG_WARN_NON_LITERAL_NULL_CONVERSION = YES;
				CLANG_WARN_OBJC_LITERAL_CONVERSION = YES;
				CLANG_WARN_OBJC_ROOT_CLASS = YES_ERROR;
				CLANG_WARN_RANGE_LOOP_ANALYSIS = YES;
				CLANG_WARN_STRICT_PROTOTYPES = YES;
				CLANG_WARN_SUSPICIOUS_MOVE = YES;
				CLANG_WARN_UNGUARDED_AVAILABILITY = YES_AGGRESSIVE;
				CLANG_WARN_UNREACHABLE_CODE = YES;
				CLANG_WARN__DUPLICATE_METHOD_MATCH = YES;
				CODE_SIGN_IDENTITY = "iPhone Developer";
				COPY_PHASE_STRIP = NO;
				DEBUG_INFORMATION_FORMAT = dwarf;
				ENABLE_STRICT_OBJC_MSGSEND = YES;
				ENABLE_TESTABILITY = YES;
				GCC_C_LANGUAGE_STANDARD = gnu11;
				GCC_DYNAMIC_NO_PIC = NO;
				GCC_NO_COMMON_BLOCKS = YES;
				GCC_OPTIMIZATION_LEVEL = 0;
				GCC_PREPROCESSOR_DEFINITIONS = (
					"DEBUG=1",
					"$(inherited)",
				);
				GCC_WARN_64_TO_32_BIT_CONVERSION = YES;
				GCC_WARN_ABOUT_RETURN_TYPE = YES_ERROR;
				GCC_WARN_UNDECLARED_SELECTOR = YES;
				GCC_WARN_UNINITIALIZED_AUTOS = YES_AGGRESSIVE;
				GCC_WARN_UNUSED_FUNCTION = YES;
				GCC_WARN_UNUSED_VARIABLE = YES;
				IPHONEOS_DEPLOYMENT_TARGET = 11.3;
				MTL_ENABLE_DEBUG_INFO = YES;
				ONLY_ACTIVE_ARCH = YES;
				SDKROOT = iphoneos;
				SWIFT_ACTIVE_COMPILATION_CONDITIONS = DEBUG;
				SWIFT_OPTIMIZATION_LEVEL = "-Onone";
			};
			name = Debug;
		};
		E9C6D6A9208B0E2700A030AF /* Release */ = {
			isa = XCBuildConfiguration;
			buildSettings = {
				ALWAYS_SEARCH_USER_PATHS = NO;
				CLANG_ANALYZER_NONNULL = YES;
				CLANG_ANALYZER_NUMBER_OBJECT_CONVERSION = YES_AGGRESSIVE;
				CLANG_CXX_LANGUAGE_STANDARD = "gnu++14";
				CLANG_CXX_LIBRARY = "libc++";
				CLANG_ENABLE_MODULES = YES;
				CLANG_ENABLE_OBJC_ARC = YES;
				CLANG_WARN_BLOCK_CAPTURE_AUTORELEASING = YES;
				CLANG_WARN_BOOL_CONVERSION = YES;
				CLANG_WARN_COMMA = YES;
				CLANG_WARN_CONSTANT_CONVERSION = YES;
				CLANG_WARN_DIRECT_OBJC_ISA_USAGE = YES_ERROR;
				CLANG_WARN_DOCUMENTATION_COMMENTS = YES;
				CLANG_WARN_EMPTY_BODY = YES;
				CLANG_WARN_ENUM_CONVERSION = YES;
				CLANG_WARN_INFINITE_RECURSION = YES;
				CLANG_WARN_INT_CONVERSION = YES;
				CLANG_WARN_NON_LITERAL_NULL_CONVERSION = YES;
				CLANG_WARN_OBJC_LITERAL_CONVERSION = YES;
				CLANG_WARN_OBJC_ROOT_CLASS = YES_ERROR;
				CLANG_WARN_RANGE_LOOP_ANALYSIS = YES;
				CLANG_WARN_STRICT_PROTOTYPES = YES;
				CLANG_WARN_SUSPICIOUS_MOVE = YES;
				CLANG_WARN_UNGUARDED_AVAILABILITY = YES_AGGRESSIVE;
				CLANG_WARN_UNREACHABLE_CODE = YES;
				CLANG_WARN__DUPLICATE_METHOD_MATCH = YES;
				CODE_SIGN_IDENTITY = "iPhone Developer";
				COPY_PHASE_STRIP = NO;
				DEBUG_INFORMATION_FORMAT = "dwarf-with-dsym";
				ENABLE_NS_ASSERTIONS = NO;
				ENABLE_STRICT_OBJC_MSGSEND = YES;
				GCC_C_LANGUAGE_STANDARD = gnu11;
				GCC_NO_COMMON_BLOCKS = YES;
				GCC_WARN_64_TO_32_BIT_CONVERSION = YES;
				GCC_WARN_ABOUT_RETURN_TYPE = YES_ERROR;
				GCC_WARN_UNDECLARED_SELECTOR = YES;
				GCC_WARN_UNINITIALIZED_AUTOS = YES_AGGRESSIVE;
				GCC_WARN_UNUSED_FUNCTION = YES;
				GCC_WARN_UNUSED_VARIABLE = YES;
				IPHONEOS_DEPLOYMENT_TARGET = 11.3;
				MTL_ENABLE_DEBUG_INFO = NO;
				SDKROOT = iphoneos;
				SWIFT_OPTIMIZATION_LEVEL = "-Owholemodule";
				VALIDATE_PRODUCT = YES;
			};
			name = Release;
		};
		E9C6D6AB208B0E2700A030AF /* Debug */ = {
			isa = XCBuildConfiguration;
			baseConfigurationReference = F0777090B140E91681943D75 /* Pods-Todoey.debug.xcconfig */;
			buildSettings = {
				ASSETCATALOG_COMPILER_APPICON_NAME = AppIcon;
				CODE_SIGN_STYLE = Automatic;
				DEVELOPMENT_TEAM = 9V27FLL7KX;
				INFOPLIST_FILE = Todoey/Info.plist;
				IPHONEOS_DEPLOYMENT_TARGET = 11.0;
				LD_RUNPATH_SEARCH_PATHS = "$(inherited) @executable_path/Frameworks";
				PRODUCT_BUNDLE_IDENTIFIER = edu.swust.com.Todoey;
				PRODUCT_NAME = "$(TARGET_NAME)";
				SWIFT_VERSION = 4.0;
				TARGETED_DEVICE_FAMILY = 1;
			};
			name = Debug;
		};
		E9C6D6AC208B0E2700A030AF /* Release */ = {
			isa = XCBuildConfiguration;
			baseConfigurationReference = E41719FC9D983364B74D8611 /* Pods-Todoey.release.xcconfig */;
			buildSettings = {
				ASSETCATALOG_COMPILER_APPICON_NAME = AppIcon;
				CODE_SIGN_STYLE = Automatic;
				DEVELOPMENT_TEAM = 9V27FLL7KX;
				INFOPLIST_FILE = Todoey/Info.plist;
				IPHONEOS_DEPLOYMENT_TARGET = 11.0;
				LD_RUNPATH_SEARCH_PATHS = "$(inherited) @executable_path/Frameworks";
				PRODUCT_BUNDLE_IDENTIFIER = edu.swust.com.Todoey;
				PRODUCT_NAME = "$(TARGET_NAME)";
				SWIFT_VERSION = 4.0;
				TARGETED_DEVICE_FAMILY = 1;
			};
			name = Release;
		};
/* End XCBuildConfiguration section */

/* Begin XCConfigurationList section */
		E9C6D693208B0E2700A030AF /* Build configuration list for PBXProject "Todoey" */ = {
			isa = XCConfigurationList;
			buildConfigurations = (
				E9C6D6A8208B0E2700A030AF /* Debug */,
				E9C6D6A9208B0E2700A030AF /* Release */,
			);
			defaultConfigurationIsVisible = 0;
			defaultConfigurationName = Release;
		};
		E9C6D6AA208B0E2700A030AF /* Build configuration list for PBXNativeTarget "Todoey" */ = {
			isa = XCConfigurationList;
			buildConfigurations = (
				E9C6D6AB208B0E2700A030AF /* Debug */,
				E9C6D6AC208B0E2700A030AF /* Release */,
			);
			defaultConfigurationIsVisible = 0;
			defaultConfigurationName = Release;
		};
/* End XCConfigurationList section */
	};
	rootObject = E9C6D690208B0E2700A030AF /* Project object */;
}
